
Microsoft Visual Studio Solution File, Format Version 12.00
# Visual Studio Version 16
VisualStudioVersion = 16.0.30114.105
MinimumVisualStudioVersion = 10.0.40219.1
Project("{FAE04EC0-301F-11D3-BF4B-00C04F79EFBC}") = "R5T.T0125", "R5T.T0125\R5T.T0125.csproj", "{5592C275-50D8-407D-BF05-08AFA95D09F0}"
EndProject
Project("{FAE04EC0-301F-11D3-BF4B-00C04F79EFBC}") = "R5T.T0125.Construction", "R5T.T0125.Construction\R5T.T0125.Construction.csproj", "{F7349550-36A1-4D3E-A02F-629BCF77CEF5}"
EndProject
Project("{FAE04EC0-301F-11D3-BF4B-00C04F79EFBC}") = "R5T.T0125.T001", "R5T.T0125.T001\R5T.T0125.T001.csproj", "{60DA9382-72C3-47E9-BE05-C2C44811F224}"
EndProject
Project("{FAE04EC0-301F-11D3-BF4B-00C04F79EFBC}") = "R5T.T0125.T002", "R5T.T0125.T002\R5T.T0125.T002.csproj", "{4D0C7D39-183D-4C1E-8685-C36600F29EAF}"
EndProject
Project("{FAE04EC0-301F-11D3-BF4B-00C04F79EFBC}") = "R5T.T0125.T002.X001", "R5T.T0125.T002.X001\R5T.T0125.T002.X001.csproj", "{2C274781-9C4F-4FA5-AB61-7F8BA2432323}"
EndProject
Project("{FAE04EC0-301F-11D3-BF4B-00C04F79EFBC}") = "R5T.T0125.X002", "R5T.T0125.X002\R5T.T0125.X002.csproj", "{D018EAA4-D19A-408A-ABE0-747DA8B4D37B}"
EndProject
Global
	GlobalSection(SolutionConfigurationPlatforms) = preSolution
		Debug|Any CPU = Debug|Any CPU
		Debug|x64 = Debug|x64
		Debug|x86 = Debug|x86
		Release|Any CPU = Release|Any CPU
		Release|x64 = Release|x64
		Release|x86 = Release|x86
	EndGlobalSection
	GlobalSection(SolutionProperties) = preSolution
		HideSolutionNode = FALSE
	EndGlobalSection
	GlobalSection(ProjectConfigurationPlatforms) = postSolution
		{5592C275-50D8-407D-BF05-08AFA95D09F0}.Debug|Any CPU.ActiveCfg = Debug|Any CPU
		{5592C275-50D8-407D-BF05-08AFA95D09F0}.Debug|Any CPU.Build.0 = Debug|Any CPU
		{5592C275-50D8-407D-BF05-08AFA95D09F0}.Debug|x64.ActiveCfg = Debug|Any CPU
		{5592C275-50D8-407D-BF05-08AFA95D09F0}.Debug|x64.Build.0 = Debug|Any CPU
		{5592C275-50D8-407D-BF05-08AFA95D09F0}.Debug|x86.ActiveCfg = Debug|Any CPU
		{5592C275-50D8-407D-BF05-08AFA95D09F0}.Debug|x86.Build.0 = Debug|Any CPU
		{5592C275-50D8-407D-BF05-08AFA95D09F0}.Release|Any CPU.ActiveCfg = Release|Any CPU
		{5592C275-50D8-407D-BF05-08AFA95D09F0}.Release|Any CPU.Build.0 = Release|Any CPU
		{5592C275-50D8-407D-BF05-08AFA95D09F0}.Release|x64.ActiveCfg = Release|Any CPU
		{5592C275-50D8-407D-BF05-08AFA95D09F0}.Release|x64.Build.0 = Release|Any CPU
		{5592C275-50D8-407D-BF05-08AFA95D09F0}.Release|x86.ActiveCfg = Release|Any CPU
		{5592C275-50D8-407D-BF05-08AFA95D09F0}.Release|x86.Build.0 = Release|Any CPU
		{F7349550-36A1-4D3E-A02F-629BCF77CEF5}.Debug|Any CPU.ActiveCfg = Debug|Any CPU
		{F7349550-36A1-4D3E-A02F-629BCF77CEF5}.Debug|Any CPU.Build.0 = Debug|Any CPU
		{F7349550-36A1-4D3E-A02F-629BCF77CEF5}.Debug|x64.ActiveCfg = Debug|Any CPU
		{F7349550-36A1-4D3E-A02F-629BCF77CEF5}.Debug|x64.Build.0 = Debug|Any CPU
		{F7349550-36A1-4D3E-A02F-629BCF77CEF5}.Debug|x86.ActiveCfg = Debug|Any CPU
		{F7349550-36A1-4D3E-A02F-629BCF77CEF5}.Debug|x86.Build.0 = Debug|Any CPU
		{F7349550-36A1-4D3E-A02F-629BCF77CEF5}.Release|Any CPU.ActiveCfg = Release|Any CPU
		{F7349550-36A1-4D3E-A02F-629BCF77CEF5}.Release|Any CPU.Build.0 = Release|Any CPU
		{F7349550-36A1-4D3E-A02F-629BCF77CEF5}.Release|x64.ActiveCfg = Release|Any CPU
		{F7349550-36A1-4D3E-A02F-629BCF77CEF5}.Release|x64.Build.0 = Release|Any CPU
		{F7349550-36A1-4D3E-A02F-629BCF77CEF5}.Release|x86.ActiveCfg = Release|Any CPU
		{F7349550-36A1-4D3E-A02F-629BCF77CEF5}.Release|x86.Build.0 = Release|Any CPU
		{60DA9382-72C3-47E9-BE05-C2C44811F224}.Debug|Any CPU.ActiveCfg = Debug|Any CPU
		{60DA9382-72C3-47E9-BE05-C2C44811F224}.Debug|Any CPU.Build.0 = Debug|Any CPU
		{60DA9382-72C3-47E9-BE05-C2C44811F224}.Debug|x64.ActiveCfg = Debug|Any CPU
		{60DA9382-72C3-47E9-BE05-C2C44811F224}.Debug|x64.Build.0 = Debug|Any CPU
		{60DA9382-72C3-47E9-BE05-C2C44811F224}.Debug|x86.ActiveCfg = Debug|Any CPU
		{60DA9382-72C3-47E9-BE05-C2C44811F224}.Debug|x86.Build.0 = Debug|Any CPU
		{60DA9382-72C3-47E9-BE05-C2C44811F224}.Release|Any CPU.ActiveCfg = Release|Any CPU
		{60DA9382-72C3-47E9-BE05-C2C44811F224}.Release|Any CPU.Build.0 = Release|Any CPU
		{60DA9382-72C3-47E9-BE05-C2C44811F224}.Release|x64.ActiveCfg = Release|Any CPU
		{60DA9382-72C3-47E9-BE05-C2C44811F224}.Release|x64.Build.0 = Release|Any CPU
		{60DA9382-72C3-47E9-BE05-C2C44811F224}.Release|x86.ActiveCfg = Release|Any CPU
		{60DA9382-72C3-47E9-BE05-C2C44811F224}.Release|x86.Build.0 = Release|Any CPU
		{4D0C7D39-183D-4C1E-8685-C36600F29EAF}.Debug|Any CPU.ActiveCfg = Debug|Any CPU
		{4D0C7D39-183D-4C1E-8685-C36600F29EAF}.Debug|Any CPU.Build.0 = Debug|Any CPU
		{4D0C7D39-183D-4C1E-8685-C36600F29EAF}.Debug|x64.ActiveCfg = Debug|Any CPU
		{4D0C7D39-183D-4C1E-8685-C36600F29EAF}.Debug|x64.Build.0 = Debug|Any CPU
		{4D0C7D39-183D-4C1E-8685-C36600F29EAF}.Debug|x86.ActiveCfg = Debug|Any CPU
		{4D0C7D39-183D-4C1E-8685-C36600F29EAF}.Debug|x86.Build.0 = Debug|Any CPU
		{4D0C7D39-183D-4C1E-8685-C36600F29EAF}.Release|Any CPU.ActiveCfg = Release|Any CPU
		{4D0C7D39-183D-4C1E-8685-C36600F29EAF}.Release|Any CPU.Build.0 = Release|Any CPU
		{4D0C7D39-183D-4C1E-8685-C36600F29EAF}.Release|x64.ActiveCfg = Release|Any CPU
		{4D0C7D39-183D-4C1E-8685-C36600F29EAF}.Release|x64.Build.0 = Release|Any CPU
		{4D0C7D39-183D-4C1E-8685-C36600F29EAF}.Release|x86.ActiveCfg = Release|Any CPU
		{4D0C7D39-183D-4C1E-8685-C36600F29EAF}.Release|x86.Build.0 = Release|Any CPU
		{2C274781-9C4F-4FA5-AB61-7F8BA2432323}.Debug|Any CPU.ActiveCfg = Debug|Any CPU
		{2C274781-9C4F-4FA5-AB61-7F8BA2432323}.Debug|Any CPU.Build.0 = Debug|Any CPU
		{2C274781-9C4F-4FA5-AB61-7F8BA2432323}.Debug|x64.ActiveCfg = Debug|Any CPU
		{2C274781-9C4F-4FA5-AB61-7F8BA2432323}.Debug|x64.Build.0 = Debug|Any CPU
		{2C274781-9C4F-4FA5-AB61-7F8BA2432323}.Debug|x86.ActiveCfg = Debug|Any CPU
		{2C274781-9C4F-4FA5-AB61-7F8BA2432323}.Debug|x86.Build.0 = Debug|Any CPU
		{2C274781-9C4F-4FA5-AB61-7F8BA2432323}.Release|Any CPU.ActiveCfg = Release|Any CPU
		{2C274781-9C4F-4FA5-AB61-7F8BA2432323}.Release|Any CPU.Build.0 = Release|Any CPU
		{2C274781-9C4F-4FA5-AB61-7F8BA2432323}.Release|x64.ActiveCfg = Release|Any CPU
		{2C274781-9C4F-4FA5-AB61-7F8BA2432323}.Release|x64.Build.0 = Release|Any CPU
		{2C274781-9C4F-4FA5-AB61-7F8BA2432323}.Release|x86.ActiveCfg = Release|Any CPU
		{2C274781-9C4F-4FA5-AB61-7F8BA2432323}.Release|x86.Build.0 = Release|Any CPU
		{D018EAA4-D19A-408A-ABE0-747DA8B4D37B}.Debug|Any CPU.ActiveCfg = Debug|Any CPU
		{D018EAA4-D19A-408A-ABE0-747DA8B4D37B}.Debug|Any CPU.Build.0 = Debug|Any CPU
		{D018EAA4-D19A-408A-ABE0-747DA8B4D37B}.Debug|x64.ActiveCfg = Debug|Any CPU
		{D018EAA4-D19A-408A-ABE0-747DA8B4D37B}.Debug|x64.Build.0 = Debug|Any CPU
		{D018EAA4-D19A-408A-ABE0-747DA8B4D37B}.Debug|x86.ActiveCfg = Debug|Any CPU
		{D018EAA4-D19A-408A-ABE0-747DA8B4D37B}.Debug|x86.Build.0 = Debug|Any CPU
		{D018EAA4-D19A-408A-ABE0-747DA8B4D37B}.Release|Any CPU.ActiveCfg = Release|Any CPU
		{D018EAA4-D19A-408A-ABE0-747DA8B4D37B}.Release|Any CPU.Build.0 = Release|Any CPU
		{D018EAA4-D19A-408A-ABE0-747DA8B4D37B}.Release|x64.ActiveCfg = Release|Any CPU
		{D018EAA4-D19A-408A-ABE0-747DA8B4D37B}.Release|x64.Build.0 = Release|Any CPU
		{D018EAA4-D19A-408A-ABE0-747DA8B4D37B}.Release|x86.ActiveCfg = Release|Any CPU
		{D018EAA4-D19A-408A-ABE0-747DA8B4D37B}.Release|x86.Build.0 = Release|Any CPU
	EndGlobalSection
EndGlobal
