
Microsoft Visual Studio Solution File, Format Version 12.00
# Visual Studio Version 16
VisualStudioVersion = 16.0.30114.105
MinimumVisualStudioVersion = 10.0.40219.1
Project("{9A19103F-16F7-4668-BE54-9A1E7A4F7556}") = "R5T.T0125", "R5T.T0125\R5T.T0125.csproj", "{405C904E-D7DF-4D57-8880-D16D68B433B6}"
EndProject
Project("{9A19103F-16F7-4668-BE54-9A1E7A4F7556}") = "R5T.T0125.T001", "R5T.T0125.T001\R5T.T0125.T001.csproj", "{589FD834-DB40-4F68-A61D-6A0693DAC907}"
EndProject
Project("{9A19103F-16F7-4668-BE54-9A1E7A4F7556}") = "R5T.T0125.T002", "R5T.T0125.T002\R5T.T0125.T002.csproj", "{23A79646-8B82-4D0B-BFE6-4EFFAA17EC09}"
EndProject
Project("{2150E333-8FDC-42A3-9474-1A3956D46DE8}") = "_Dependencies", "_Dependencies", "{5A4ECAB3-D5AA-497D-9C41-31B4D60B5D72}"
EndProject
Project("{9A19103F-16F7-4668-BE54-9A1E7A4F7556}") = "R5T.T0039.T002", "..\..\R5T.T0039\source\R5T.T0039.T002\R5T.T0039.T002.csproj", "{0B0EFE92-648F-4773-A4AC-C40000B3D8C0}"
EndProject
Project("{9A19103F-16F7-4668-BE54-9A1E7A4F7556}") = "R5T.T0125.T002.X001", "R5T.T0125.T002.X001\R5T.T0125.T002.X001.csproj", "{B54CD779-086B-4C01-8772-C0906237A50C}"
EndProject
Project("{9A19103F-16F7-4668-BE54-9A1E7A4F7556}") = "R5T.T0125.X002", "R5T.T0125.X002\R5T.T0125.X002.csproj", "{824A6699-1BE9-41A4-AD53-835C2E3C4797}"
EndProject
Project("{9A19103F-16F7-4668-BE54-9A1E7A4F7556}") = "R5T.L0011.T001.X001", "..\..\R5T.L0011\source\R5T.L0011.T001.X001\R5T.L0011.T001.X001.csproj", "{05221B9E-2D3A-4277-995D-F80BD982EA29}"
EndProject
Project("{9A19103F-16F7-4668-BE54-9A1E7A4F7556}") = "R5T.L0011.T001", "..\..\R5T.L0011\source\R5T.L0011.T001\R5T.L0011.T001.csproj", "{5A4C10D3-8F29-4EB6-9A30-1CC92CA40FC8}"
EndProject
Project("{9A19103F-16F7-4668-BE54-9A1E7A4F7556}") = "R5T.L0011.X001", "..\..\R5T.L0011\source\R5T.L0011.X001\R5T.L0011.X001.csproj", "{DE54345D-1AA8-4C50-8176-6629574ABA46}"
EndProject
Project("{9A19103F-16F7-4668-BE54-9A1E7A4F7556}") = "R5T.Magyar.T002", "..\..\R5T.Magyar\source\R5T.Magyar.T002\R5T.Magyar.T002.csproj", "{03B9BD2C-7ADC-45CA-B632-A6BC1C41AC41}"
EndProject
Project("{9A19103F-16F7-4668-BE54-9A1E7A4F7556}") = "R5T.Magyar", "..\..\R5T.Magyar\source\R5T.Magyar\R5T.Magyar.csproj", "{503C1922-F806-46D1-8E7D-8E46BA1DD4AD}"
EndProject
Project("{9A19103F-16F7-4668-BE54-9A1E7A4F7556}") = "R5T.L0011", "..\..\R5T.L0011\source\R5T.L0011\R5T.L0011.csproj", "{13796591-7CD5-4AD8-9DF2-A25EC2B0975D}"
EndProject
Project("{9A19103F-16F7-4668-BE54-9A1E7A4F7556}") = "R5T.T0098", "..\..\R5T.T0098\source\R5T.T0098\R5T.T0098.csproj", "{F0A9D693-74B8-49E7-825A-F49A173BC0B7}"
EndProject
Global
	GlobalSection(SolutionConfigurationPlatforms) = preSolution
		Debug|Any CPU = Debug|Any CPU
		Debug|x64 = Debug|x64
		Debug|x86 = Debug|x86
		Release|Any CPU = Release|Any CPU
		Release|x64 = Release|x64
		Release|x86 = Release|x86
	EndGlobalSection
	GlobalSection(ProjectConfigurationPlatforms) = postSolution
		{405C904E-D7DF-4D57-8880-D16D68B433B6}.Debug|Any CPU.ActiveCfg = Debug|Any CPU
		{405C904E-D7DF-4D57-8880-D16D68B433B6}.Debug|Any CPU.Build.0 = Debug|Any CPU
		{405C904E-D7DF-4D57-8880-D16D68B433B6}.Debug|x64.ActiveCfg = Debug|Any CPU
		{405C904E-D7DF-4D57-8880-D16D68B433B6}.Debug|x64.Build.0 = Debug|Any CPU
		{405C904E-D7DF-4D57-8880-D16D68B433B6}.Debug|x86.ActiveCfg = Debug|Any CPU
		{405C904E-D7DF-4D57-8880-D16D68B433B6}.Debug|x86.Build.0 = Debug|Any CPU
		{405C904E-D7DF-4D57-8880-D16D68B433B6}.Release|Any CPU.ActiveCfg = Release|Any CPU
		{405C904E-D7DF-4D57-8880-D16D68B433B6}.Release|Any CPU.Build.0 = Release|Any CPU
		{405C904E-D7DF-4D57-8880-D16D68B433B6}.Release|x64.ActiveCfg = Release|Any CPU
		{405C904E-D7DF-4D57-8880-D16D68B433B6}.Release|x64.Build.0 = Release|Any CPU
		{405C904E-D7DF-4D57-8880-D16D68B433B6}.Release|x86.ActiveCfg = Release|Any CPU
		{405C904E-D7DF-4D57-8880-D16D68B433B6}.Release|x86.Build.0 = Release|Any CPU
		{589FD834-DB40-4F68-A61D-6A0693DAC907}.Debug|Any CPU.ActiveCfg = Debug|Any CPU
		{589FD834-DB40-4F68-A61D-6A0693DAC907}.Debug|Any CPU.Build.0 = Debug|Any CPU
		{589FD834-DB40-4F68-A61D-6A0693DAC907}.Debug|x64.ActiveCfg = Debug|Any CPU
		{589FD834-DB40-4F68-A61D-6A0693DAC907}.Debug|x64.Build.0 = Debug|Any CPU
		{589FD834-DB40-4F68-A61D-6A0693DAC907}.Debug|x86.ActiveCfg = Debug|Any CPU
		{589FD834-DB40-4F68-A61D-6A0693DAC907}.Debug|x86.Build.0 = Debug|Any CPU
		{589FD834-DB40-4F68-A61D-6A0693DAC907}.Release|Any CPU.ActiveCfg = Release|Any CPU
		{589FD834-DB40-4F68-A61D-6A0693DAC907}.Release|Any CPU.Build.0 = Release|Any CPU
		{589FD834-DB40-4F68-A61D-6A0693DAC907}.Release|x64.ActiveCfg = Release|Any CPU
		{589FD834-DB40-4F68-A61D-6A0693DAC907}.Release|x64.Build.0 = Release|Any CPU
		{589FD834-DB40-4F68-A61D-6A0693DAC907}.Release|x86.ActiveCfg = Release|Any CPU
		{589FD834-DB40-4F68-A61D-6A0693DAC907}.Release|x86.Build.0 = Release|Any CPU
		{23A79646-8B82-4D0B-BFE6-4EFFAA17EC09}.Debug|Any CPU.ActiveCfg = Debug|Any CPU
		{23A79646-8B82-4D0B-BFE6-4EFFAA17EC09}.Debug|Any CPU.Build.0 = Debug|Any CPU
		{23A79646-8B82-4D0B-BFE6-4EFFAA17EC09}.Debug|x64.ActiveCfg = Debug|Any CPU
		{23A79646-8B82-4D0B-BFE6-4EFFAA17EC09}.Debug|x64.Build.0 = Debug|Any CPU
		{23A79646-8B82-4D0B-BFE6-4EFFAA17EC09}.Debug|x86.ActiveCfg = Debug|Any CPU
		{23A79646-8B82-4D0B-BFE6-4EFFAA17EC09}.Debug|x86.Build.0 = Debug|Any CPU
		{23A79646-8B82-4D0B-BFE6-4EFFAA17EC09}.Release|Any CPU.ActiveCfg = Release|Any CPU
		{23A79646-8B82-4D0B-BFE6-4EFFAA17EC09}.Release|Any CPU.Build.0 = Release|Any CPU
		{23A79646-8B82-4D0B-BFE6-4EFFAA17EC09}.Release|x64.ActiveCfg = Release|Any CPU
		{23A79646-8B82-4D0B-BFE6-4EFFAA17EC09}.Release|x64.Build.0 = Release|Any CPU
		{23A79646-8B82-4D0B-BFE6-4EFFAA17EC09}.Release|x86.ActiveCfg = Release|Any CPU
		{23A79646-8B82-4D0B-BFE6-4EFFAA17EC09}.Release|x86.Build.0 = Release|Any CPU
		{0B0EFE92-648F-4773-A4AC-C40000B3D8C0}.Debug|Any CPU.ActiveCfg = Debug|Any CPU
		{0B0EFE92-648F-4773-A4AC-C40000B3D8C0}.Debug|Any CPU.Build.0 = Debug|Any CPU
		{0B0EFE92-648F-4773-A4AC-C40000B3D8C0}.Debug|x64.ActiveCfg = Debug|Any CPU
		{0B0EFE92-648F-4773-A4AC-C40000B3D8C0}.Debug|x64.Build.0 = Debug|Any CPU
		{0B0EFE92-648F-4773-A4AC-C40000B3D8C0}.Debug|x86.ActiveCfg = Debug|Any CPU
		{0B0EFE92-648F-4773-A4AC-C40000B3D8C0}.Debug|x86.Build.0 = Debug|Any CPU
		{0B0EFE92-648F-4773-A4AC-C40000B3D8C0}.Release|Any CPU.ActiveCfg = Release|Any CPU
		{0B0EFE92-648F-4773-A4AC-C40000B3D8C0}.Release|Any CPU.Build.0 = Release|Any CPU
		{0B0EFE92-648F-4773-A4AC-C40000B3D8C0}.Release|x64.ActiveCfg = Release|Any CPU
		{0B0EFE92-648F-4773-A4AC-C40000B3D8C0}.Release|x64.Build.0 = Release|Any CPU
		{0B0EFE92-648F-4773-A4AC-C40000B3D8C0}.Release|x86.ActiveCfg = Release|Any CPU
		{0B0EFE92-648F-4773-A4AC-C40000B3D8C0}.Release|x86.Build.0 = Release|Any CPU
		{B54CD779-086B-4C01-8772-C0906237A50C}.Debug|Any CPU.ActiveCfg = Debug|Any CPU
		{B54CD779-086B-4C01-8772-C0906237A50C}.Debug|Any CPU.Build.0 = Debug|Any CPU
		{B54CD779-086B-4C01-8772-C0906237A50C}.Debug|x64.ActiveCfg = Debug|Any CPU
		{B54CD779-086B-4C01-8772-C0906237A50C}.Debug|x64.Build.0 = Debug|Any CPU
		{B54CD779-086B-4C01-8772-C0906237A50C}.Debug|x86.ActiveCfg = Debug|Any CPU
		{B54CD779-086B-4C01-8772-C0906237A50C}.Debug|x86.Build.0 = Debug|Any CPU
		{B54CD779-086B-4C01-8772-C0906237A50C}.Release|Any CPU.ActiveCfg = Release|Any CPU
		{B54CD779-086B-4C01-8772-C0906237A50C}.Release|Any CPU.Build.0 = Release|Any CPU
		{B54CD779-086B-4C01-8772-C0906237A50C}.Release|x64.ActiveCfg = Release|Any CPU
		{B54CD779-086B-4C01-8772-C0906237A50C}.Release|x64.Build.0 = Release|Any CPU
		{B54CD779-086B-4C01-8772-C0906237A50C}.Release|x86.ActiveCfg = Release|Any CPU
		{B54CD779-086B-4C01-8772-C0906237A50C}.Release|x86.Build.0 = Release|Any CPU
		{824A6699-1BE9-41A4-AD53-835C2E3C4797}.Debug|Any CPU.ActiveCfg = Debug|Any CPU
		{824A6699-1BE9-41A4-AD53-835C2E3C4797}.Debug|Any CPU.Build.0 = Debug|Any CPU
		{824A6699-1BE9-41A4-AD53-835C2E3C4797}.Debug|x64.ActiveCfg = Debug|Any CPU
		{824A6699-1BE9-41A4-AD53-835C2E3C4797}.Debug|x64.Build.0 = Debug|Any CPU
		{824A6699-1BE9-41A4-AD53-835C2E3C4797}.Debug|x86.ActiveCfg = Debug|Any CPU
		{824A6699-1BE9-41A4-AD53-835C2E3C4797}.Debug|x86.Build.0 = Debug|Any CPU
		{824A6699-1BE9-41A4-AD53-835C2E3C4797}.Release|Any CPU.ActiveCfg = Release|Any CPU
		{824A6699-1BE9-41A4-AD53-835C2E3C4797}.Release|Any CPU.Build.0 = Release|Any CPU
		{824A6699-1BE9-41A4-AD53-835C2E3C4797}.Release|x64.ActiveCfg = Release|Any CPU
		{824A6699-1BE9-41A4-AD53-835C2E3C4797}.Release|x64.Build.0 = Release|Any CPU
		{824A6699-1BE9-41A4-AD53-835C2E3C4797}.Release|x86.ActiveCfg = Release|Any CPU
		{824A6699-1BE9-41A4-AD53-835C2E3C4797}.Release|x86.Build.0 = Release|Any CPU
		{05221B9E-2D3A-4277-995D-F80BD982EA29}.Debug|Any CPU.ActiveCfg = Debug|Any CPU
		{05221B9E-2D3A-4277-995D-F80BD982EA29}.Debug|Any CPU.Build.0 = Debug|Any CPU
		{05221B9E-2D3A-4277-995D-F80BD982EA29}.Debug|x64.ActiveCfg = Debug|Any CPU
		{05221B9E-2D3A-4277-995D-F80BD982EA29}.Debug|x64.Build.0 = Debug|Any CPU
		{05221B9E-2D3A-4277-995D-F80BD982EA29}.Debug|x86.ActiveCfg = Debug|Any CPU
		{05221B9E-2D3A-4277-995D-F80BD982EA29}.Debug|x86.Build.0 = Debug|Any CPU
		{05221B9E-2D3A-4277-995D-F80BD982EA29}.Release|Any CPU.ActiveCfg = Release|Any CPU
		{05221B9E-2D3A-4277-995D-F80BD982EA29}.Release|Any CPU.Build.0 = Release|Any CPU
		{05221B9E-2D3A-4277-995D-F80BD982EA29}.Release|x64.ActiveCfg = Release|Any CPU
		{05221B9E-2D3A-4277-995D-F80BD982EA29}.Release|x64.Build.0 = Release|Any CPU
		{05221B9E-2D3A-4277-995D-F80BD982EA29}.Release|x86.ActiveCfg = Release|Any CPU
		{05221B9E-2D3A-4277-995D-F80BD982EA29}.Release|x86.Build.0 = Release|Any CPU
		{5A4C10D3-8F29-4EB6-9A30-1CC92CA40FC8}.Debug|Any CPU.ActiveCfg = Debug|Any CPU
		{5A4C10D3-8F29-4EB6-9A30-1CC92CA40FC8}.Debug|Any CPU.Build.0 = Debug|Any CPU
		{5A4C10D3-8F29-4EB6-9A30-1CC92CA40FC8}.Debug|x64.ActiveCfg = Debug|Any CPU
		{5A4C10D3-8F29-4EB6-9A30-1CC92CA40FC8}.Debug|x64.Build.0 = Debug|Any CPU
		{5A4C10D3-8F29-4EB6-9A30-1CC92CA40FC8}.Debug|x86.ActiveCfg = Debug|Any CPU
		{5A4C10D3-8F29-4EB6-9A30-1CC92CA40FC8}.Debug|x86.Build.0 = Debug|Any CPU
		{5A4C10D3-8F29-4EB6-9A30-1CC92CA40FC8}.Release|Any CPU.ActiveCfg = Release|Any CPU
		{5A4C10D3-8F29-4EB6-9A30-1CC92CA40FC8}.Release|Any CPU.Build.0 = Release|Any CPU
		{5A4C10D3-8F29-4EB6-9A30-1CC92CA40FC8}.Release|x64.ActiveCfg = Release|Any CPU
		{5A4C10D3-8F29-4EB6-9A30-1CC92CA40FC8}.Release|x64.Build.0 = Release|Any CPU
		{5A4C10D3-8F29-4EB6-9A30-1CC92CA40FC8}.Release|x86.ActiveCfg = Release|Any CPU
		{5A4C10D3-8F29-4EB6-9A30-1CC92CA40FC8}.Release|x86.Build.0 = Release|Any CPU
		{DE54345D-1AA8-4C50-8176-6629574ABA46}.Debug|Any CPU.ActiveCfg = Debug|Any CPU
		{DE54345D-1AA8-4C50-8176-6629574ABA46}.Debug|Any CPU.Build.0 = Debug|Any CPU
		{DE54345D-1AA8-4C50-8176-6629574ABA46}.Debug|x64.ActiveCfg = Debug|Any CPU
		{DE54345D-1AA8-4C50-8176-6629574ABA46}.Debug|x64.Build.0 = Debug|Any CPU
		{DE54345D-1AA8-4C50-8176-6629574ABA46}.Debug|x86.ActiveCfg = Debug|Any CPU
		{DE54345D-1AA8-4C50-8176-6629574ABA46}.Debug|x86.Build.0 = Debug|Any CPU
		{DE54345D-1AA8-4C50-8176-6629574ABA46}.Release|Any CPU.ActiveCfg = Release|Any CPU
		{DE54345D-1AA8-4C50-8176-6629574ABA46}.Release|Any CPU.Build.0 = Release|Any CPU
		{DE54345D-1AA8-4C50-8176-6629574ABA46}.Release|x64.ActiveCfg = Release|Any CPU
		{DE54345D-1AA8-4C50-8176-6629574ABA46}.Release|x64.Build.0 = Release|Any CPU
		{DE54345D-1AA8-4C50-8176-6629574ABA46}.Release|x86.ActiveCfg = Release|Any CPU
		{DE54345D-1AA8-4C50-8176-6629574ABA46}.Release|x86.Build.0 = Release|Any CPU
		{03B9BD2C-7ADC-45CA-B632-A6BC1C41AC41}.Debug|Any CPU.ActiveCfg = Debug|Any CPU
		{03B9BD2C-7ADC-45CA-B632-A6BC1C41AC41}.Debug|Any CPU.Build.0 = Debug|Any CPU
		{03B9BD2C-7ADC-45CA-B632-A6BC1C41AC41}.Debug|x64.ActiveCfg = Debug|Any CPU
		{03B9BD2C-7ADC-45CA-B632-A6BC1C41AC41}.Debug|x64.Build.0 = Debug|Any CPU
		{03B9BD2C-7ADC-45CA-B632-A6BC1C41AC41}.Debug|x86.ActiveCfg = Debug|Any CPU
		{03B9BD2C-7ADC-45CA-B632-A6BC1C41AC41}.Debug|x86.Build.0 = Debug|Any CPU
		{03B9BD2C-7ADC-45CA-B632-A6BC1C41AC41}.Release|Any CPU.ActiveCfg = Release|Any CPU
		{03B9BD2C-7ADC-45CA-B632-A6BC1C41AC41}.Release|Any CPU.Build.0 = Release|Any CPU
		{03B9BD2C-7ADC-45CA-B632-A6BC1C41AC41}.Release|x64.ActiveCfg = Release|Any CPU
		{03B9BD2C-7ADC-45CA-B632-A6BC1C41AC41}.Release|x64.Build.0 = Release|Any CPU
		{03B9BD2C-7ADC-45CA-B632-A6BC1C41AC41}.Release|x86.ActiveCfg = Release|Any CPU
		{03B9BD2C-7ADC-45CA-B632-A6BC1C41AC41}.Release|x86.Build.0 = Release|Any CPU
		{503C1922-F806-46D1-8E7D-8E46BA1DD4AD}.Debug|Any CPU.ActiveCfg = Debug|Any CPU
		{503C1922-F806-46D1-8E7D-8E46BA1DD4AD}.Debug|Any CPU.Build.0 = Debug|Any CPU
		{503C1922-F806-46D1-8E7D-8E46BA1DD4AD}.Debug|x64.ActiveCfg = Debug|Any CPU
		{503C1922-F806-46D1-8E7D-8E46BA1DD4AD}.Debug|x64.Build.0 = Debug|Any CPU
		{503C1922-F806-46D1-8E7D-8E46BA1DD4AD}.Debug|x86.ActiveCfg = Debug|Any CPU
		{503C1922-F806-46D1-8E7D-8E46BA1DD4AD}.Debug|x86.Build.0 = Debug|Any CPU
		{503C1922-F806-46D1-8E7D-8E46BA1DD4AD}.Release|Any CPU.ActiveCfg = Release|Any CPU
		{503C1922-F806-46D1-8E7D-8E46BA1DD4AD}.Release|Any CPU.Build.0 = Release|Any CPU
		{503C1922-F806-46D1-8E7D-8E46BA1DD4AD}.Release|x64.ActiveCfg = Release|Any CPU
		{503C1922-F806-46D1-8E7D-8E46BA1DD4AD}.Release|x64.Build.0 = Release|Any CPU
		{503C1922-F806-46D1-8E7D-8E46BA1DD4AD}.Release|x86.ActiveCfg = Release|Any CPU
		{503C1922-F806-46D1-8E7D-8E46BA1DD4AD}.Release|x86.Build.0 = Release|Any CPU
		{13796591-7CD5-4AD8-9DF2-A25EC2B0975D}.Debug|Any CPU.ActiveCfg = Debug|Any CPU
		{13796591-7CD5-4AD8-9DF2-A25EC2B0975D}.Debug|Any CPU.Build.0 = Debug|Any CPU
		{13796591-7CD5-4AD8-9DF2-A25EC2B0975D}.Debug|x64.ActiveCfg = Debug|Any CPU
		{13796591-7CD5-4AD8-9DF2-A25EC2B0975D}.Debug|x64.Build.0 = Debug|Any CPU
		{13796591-7CD5-4AD8-9DF2-A25EC2B0975D}.Debug|x86.ActiveCfg = Debug|Any CPU
		{13796591-7CD5-4AD8-9DF2-A25EC2B0975D}.Debug|x86.Build.0 = Debug|Any CPU
		{13796591-7CD5-4AD8-9DF2-A25EC2B0975D}.Release|Any CPU.ActiveCfg = Release|Any CPU
		{13796591-7CD5-4AD8-9DF2-A25EC2B0975D}.Release|Any CPU.Build.0 = Release|Any CPU
		{13796591-7CD5-4AD8-9DF2-A25EC2B0975D}.Release|x64.ActiveCfg = Release|Any CPU
		{13796591-7CD5-4AD8-9DF2-A25EC2B0975D}.Release|x64.Build.0 = Release|Any CPU
		{13796591-7CD5-4AD8-9DF2-A25EC2B0975D}.Release|x86.ActiveCfg = Release|Any CPU
		{13796591-7CD5-4AD8-9DF2-A25EC2B0975D}.Release|x86.Build.0 = Release|Any CPU
		{F0A9D693-74B8-49E7-825A-F49A173BC0B7}.Debug|Any CPU.ActiveCfg = Debug|Any CPU
		{F0A9D693-74B8-49E7-825A-F49A173BC0B7}.Debug|Any CPU.Build.0 = Debug|Any CPU
		{F0A9D693-74B8-49E7-825A-F49A173BC0B7}.Debug|x64.ActiveCfg = Debug|Any CPU
		{F0A9D693-74B8-49E7-825A-F49A173BC0B7}.Debug|x64.Build.0 = Debug|Any CPU
		{F0A9D693-74B8-49E7-825A-F49A173BC0B7}.Debug|x86.ActiveCfg = Debug|Any CPU
		{F0A9D693-74B8-49E7-825A-F49A173BC0B7}.Debug|x86.Build.0 = Debug|Any CPU
		{F0A9D693-74B8-49E7-825A-F49A173BC0B7}.Release|Any CPU.ActiveCfg = Release|Any CPU
		{F0A9D693-74B8-49E7-825A-F49A173BC0B7}.Release|Any CPU.Build.0 = Release|Any CPU
		{F0A9D693-74B8-49E7-825A-F49A173BC0B7}.Release|x64.ActiveCfg = Release|Any CPU
		{F0A9D693-74B8-49E7-825A-F49A173BC0B7}.Release|x64.Build.0 = Release|Any CPU
		{F0A9D693-74B8-49E7-825A-F49A173BC0B7}.Release|x86.ActiveCfg = Release|Any CPU
		{F0A9D693-74B8-49E7-825A-F49A173BC0B7}.Release|x86.Build.0 = Release|Any CPU
	EndGlobalSection
	GlobalSection(SolutionProperties) = preSolution
		HideSolutionNode = FALSE
	EndGlobalSection
	GlobalSection(NestedProjects) = preSolution
		{0B0EFE92-648F-4773-A4AC-C40000B3D8C0} = {5A4ECAB3-D5AA-497D-9C41-31B4D60B5D72}
		{05221B9E-2D3A-4277-995D-F80BD982EA29} = {5A4ECAB3-D5AA-497D-9C41-31B4D60B5D72}
		{5A4C10D3-8F29-4EB6-9A30-1CC92CA40FC8} = {5A4ECAB3-D5AA-497D-9C41-31B4D60B5D72}
		{DE54345D-1AA8-4C50-8176-6629574ABA46} = {5A4ECAB3-D5AA-497D-9C41-31B4D60B5D72}
		{03B9BD2C-7ADC-45CA-B632-A6BC1C41AC41} = {5A4ECAB3-D5AA-497D-9C41-31B4D60B5D72}
		{503C1922-F806-46D1-8E7D-8E46BA1DD4AD} = {5A4ECAB3-D5AA-497D-9C41-31B4D60B5D72}
		{13796591-7CD5-4AD8-9DF2-A25EC2B0975D} = {5A4ECAB3-D5AA-497D-9C41-31B4D60B5D72}
		{F0A9D693-74B8-49E7-825A-F49A173BC0B7} = {5A4ECAB3-D5AA-497D-9C41-31B4D60B5D72}
	EndGlobalSection
	GlobalSection(ExtensibilityGlobals) = postSolution
		SolutionGuid = {9D8CCE5B-AF57-4989-9275-0E6DA46D35DC}
	EndGlobalSection
EndGlobal
